
Microsoft Visual Studio Solution File, Format Version 12.00
# Visual Studio Version 16
VisualStudioVersion = 16.0.30907.101
MinimumVisualStudioVersion = 10.0.40219.1
Project("{FAE04EC0-301F-11D3-BF4B-00C04F79EFBC}") = "Lab 3 projects", "Lab 3 projects\Lab 3 projects.csproj", "{180CDE44-6E98-4EF7-8A9F-1A8BFAA2A5C6}"
EndProject
Global
	GlobalSection(SolutionConfigurationPlatforms) = preSolution
		Debug|Any CPU = Debug|Any CPU
		Release|Any CPU = Release|Any CPU
	EndGlobalSection
	GlobalSection(ProjectConfigurationPlatforms) = postSolution
		{180CDE44-6E98-4EF7-8A9F-1A8BFAA2A5C6}.Debug|Any CPU.ActiveCfg = Debug|Any CPU
		{180CDE44-6E98-4EF7-8A9F-1A8BFAA2A5C6}.Debug|Any CPU.Build.0 = Debug|Any CPU
		{180CDE44-6E98-4EF7-8A9F-1A8BFAA2A5C6}.Release|Any CPU.ActiveCfg = Release|Any CPU
		{180CDE44-6E98-4EF7-8A9F-1A8BFAA2A5C6}.Release|Any CPU.Build.0 = Release|Any CPU
	EndGlobalSection
	GlobalSection(SolutionProperties) = preSolution
		HideSolutionNode = FALSE
	EndGlobalSection
	GlobalSection(ExtensibilityGlobals) = postSolution
		SolutionGuid = {3EBEDF5B-B50A-4622-81AB-4694C5B3D630}
	EndGlobalSection
EndGlobal
